{
  "object": {
    "pins": [
      {
        "package": "Alamofire",
        "repositoryURL": "https://github.com/Alamofire/Alamofire.git",
        "state": {
          "branch": null,
          "revision": "097e1f03166d49b31f824507fb85ad843b14fc13",
          "version": "5.3.0"
        }
      },
      {
        "package": "/Users/ebpearls/Desktop/Project/Framework/frameworkFramework",
        "repositoryURL": "https://git.ebpearls.com/iOS/framework.git",
        "state": {
          "branch": "master",
          "revision": "0177d914c9f9c0cab5af0a1e5e3b1f19e157b802",
          "version": null
        }
      },
      {
        "package": "KeychainSwift",
        "repositoryURL": "https://github.com/evgenyneu/keychain-swift.git",
        "state": {
          "branch": null,
          "revision": "d9b76fba09c2eb5c0bb9312092d309c833996cd2",
          "version": "18.0.0"
        }
      }
    ]
  },
  "version": 1
}
